
Microsoft Visual Studio Solution File, Format Version 12.00
# Visual Studio Version 17
VisualStudioVersion = 17.9.34701.34
MinimumVisualStudioVersion = 10.0.40219.1
Project("{FAE04EC0-301F-11D3-BF4B-00C04F79EFBC}") = "SE2DisablePCULimit", "SE2DisablePCULimit\SE2DisablePCULimit.csproj", "{A3720215-E0F3-44EB-9882-38351690160E}"
EndProject
Global
	GlobalSection(SolutionConfigurationPlatforms) = preSolution
		Debug|Any CPU = Debug|Any CPU
		Release|Any CPU = Release|Any CPU
	EndGlobalSection
	GlobalSection(ProjectConfigurationPlatforms) = postSolution
		{A3720215-E0F3-44EB-9882-38351690160E}.Debug|Any CPU.ActiveCfg = Debug|Any CPU
		{A3720215-E0F3-44EB-9882-38351690160E}.Debug|Any CPU.Build.0 = Debug|Any CPU
		{A3720215-E0F3-44EB-9882-38351690160E}.Release|Any CPU.ActiveCfg = Release|Any CPU
		{A3720215-E0F3-44EB-9882-38351690160E}.Release|Any CPU.Build.0 = Release|Any CPU
	EndGlobalSection
	GlobalSection(SolutionProperties) = preSolution
		HideSolutionNode = FALSE
	EndGlobalSection
	GlobalSection(ExtensibilityGlobals) = postSolution
		SolutionGuid = {0AF7BAB9-13BA-489F-B25A-E52D0B9CEC71}
	EndGlobalSection
EndGlobal
